
Microsoft Visual Studio Solution File, Format Version 12.00
# Visual Studio Version 17
VisualStudioVersion = 17.6.33723.286
MinimumVisualStudioVersion = 10.0.40219.1
Project("{FAE04EC0-301F-11D3-BF4B-00C04F79EFBC}") = "PRTest", "PRTest\PRTest.csproj", "{7BDDCBF7-6DF1-4518-A618-8B5A51499EC9}"
EndProject
Project("{FAE04EC0-301F-11D3-BF4B-00C04F79EFBC}") = "PRTest.API", "PRTest.API\PRTest.API.csproj", "{D543012F-C650-488E-ADAE-11B06E1E9D07}"
EndProject
Project("{FAE04EC0-301F-11D3-BF4B-00C04F79EFBC}") = "PRTest.Repository", "PRTest.Repository\PRTest.Repository.csproj", "{CA4EFC74-A879-4D92-9F01-11459B901CF6}"
EndProject
Global
	GlobalSection(SolutionConfigurationPlatforms) = preSolution
		Debug|Any CPU = Debug|Any CPU
		Release|Any CPU = Release|Any CPU
	EndGlobalSection
	GlobalSection(ProjectConfigurationPlatforms) = postSolution
		{7BDDCBF7-6DF1-4518-A618-8B5A51499EC9}.Debug|Any CPU.ActiveCfg = Debug|Any CPU
		{7BDDCBF7-6DF1-4518-A618-8B5A51499EC9}.Debug|Any CPU.Build.0 = Debug|Any CPU
		{7BDDCBF7-6DF1-4518-A618-8B5A51499EC9}.Release|Any CPU.ActiveCfg = Release|Any CPU
		{7BDDCBF7-6DF1-4518-A618-8B5A51499EC9}.Release|Any CPU.Build.0 = Release|Any CPU
		{D543012F-C650-488E-ADAE-11B06E1E9D07}.Debug|Any CPU.ActiveCfg = Debug|Any CPU
		{D543012F-C650-488E-ADAE-11B06E1E9D07}.Debug|Any CPU.Build.0 = Debug|Any CPU
		{D543012F-C650-488E-ADAE-11B06E1E9D07}.Release|Any CPU.ActiveCfg = Release|Any CPU
		{D543012F-C650-488E-ADAE-11B06E1E9D07}.Release|Any CPU.Build.0 = Release|Any CPU
		{CA4EFC74-A879-4D92-9F01-11459B901CF6}.Debug|Any CPU.ActiveCfg = Debug|Any CPU
		{CA4EFC74-A879-4D92-9F01-11459B901CF6}.Debug|Any CPU.Build.0 = Debug|Any CPU
		{CA4EFC74-A879-4D92-9F01-11459B901CF6}.Release|Any CPU.ActiveCfg = Release|Any CPU
		{CA4EFC74-A879-4D92-9F01-11459B901CF6}.Release|Any CPU.Build.0 = Release|Any CPU
	EndGlobalSection
	GlobalSection(SolutionProperties) = preSolution
		HideSolutionNode = FALSE
	EndGlobalSection
	GlobalSection(ExtensibilityGlobals) = postSolution
		SolutionGuid = {D3196370-C2CB-4F87-870B-FAC9FA02560E}
	EndGlobalSection
EndGlobal
